
Microsoft Visual Studio Solution File, Format Version 12.00
# Visual Studio Version 17
VisualStudioVersion = 17.14.37314.3 d17.14
MinimumVisualStudioVersion = 10.0.40219.1
Project("{FAE04EC0-301F-11D3-BF4B-00C04F79EFBC}") = "BlackJack", "BlackJack.csproj", "{4AEEED96-12EC-42B3-8474-434BE87C6625}"
EndProject
Global
	GlobalSection(SolutionConfigurationPlatforms) = preSolution
		Debug|Any CPU = Debug|Any CPU
		Release|Any CPU = Release|Any CPU
	EndGlobalSection
	GlobalSection(ProjectConfigurationPlatforms) = postSolution
		{4AEEED96-12EC-42B3-8474-434BE87C6625}.Debug|Any CPU.ActiveCfg = Debug|Any CPU
		{4AEEED96-12EC-42B3-8474-434BE87C6625}.Debug|Any CPU.Build.0 = Debug|Any CPU
		{4AEEED96-12EC-42B3-8474-434BE87C6625}.Release|Any CPU.ActiveCfg = Release|Any CPU
		{4AEEED96-12EC-42B3-8474-434BE87C6625}.Release|Any CPU.Build.0 = Release|Any CPU
	EndGlobalSection
	GlobalSection(SolutionProperties) = preSolution
		HideSolutionNode = FALSE
	EndGlobalSection
	GlobalSection(ExtensibilityGlobals) = postSolution
		SolutionGuid = {EE077836-1E29-41E6-996E-11CAA7652DA5}
	EndGlobalSection
EndGlobal
